
Microsoft Visual Studio Solution File, Format Version 12.00
# Visual Studio Version 16
VisualStudioVersion = 16.0.34601.136
MinimumVisualStudioVersion = 10.0.40219.1
Project("{FAE04EC0-301F-11D3-BF4B-00C04F79EFBC}") = "async_await_belajar", "async_await_belajar\async_await_belajar.csproj", "{24B72752-12D6-457A-87E2-3863D4DE2A75}"
EndProject
Project("{FAE04EC0-301F-11D3-BF4B-00C04F79EFBC}") = "MetodeMasak", "MetodeMasak\MetodeMasak.csproj", "{1FCE5162-4A96-447F-AB0D-034EB42C78FC}"
EndProject
Global
	GlobalSection(SolutionConfigurationPlatforms) = preSolution
		Debug|Any CPU = Debug|Any CPU
		Release|Any CPU = Release|Any CPU
	EndGlobalSection
	GlobalSection(ProjectConfigurationPlatforms) = postSolution
		{24B72752-12D6-457A-87E2-3863D4DE2A75}.Debug|Any CPU.ActiveCfg = Debug|Any CPU
		{24B72752-12D6-457A-87E2-3863D4DE2A75}.Debug|Any CPU.Build.0 = Debug|Any CPU
		{24B72752-12D6-457A-87E2-3863D4DE2A75}.Release|Any CPU.ActiveCfg = Release|Any CPU
		{24B72752-12D6-457A-87E2-3863D4DE2A75}.Release|Any CPU.Build.0 = Release|Any CPU
		{1FCE5162-4A96-447F-AB0D-034EB42C78FC}.Debug|Any CPU.ActiveCfg = Debug|Any CPU
		{1FCE5162-4A96-447F-AB0D-034EB42C78FC}.Debug|Any CPU.Build.0 = Debug|Any CPU
		{1FCE5162-4A96-447F-AB0D-034EB42C78FC}.Release|Any CPU.ActiveCfg = Release|Any CPU
		{1FCE5162-4A96-447F-AB0D-034EB42C78FC}.Release|Any CPU.Build.0 = Release|Any CPU
	EndGlobalSection
	GlobalSection(SolutionProperties) = preSolution
		HideSolutionNode = FALSE
	EndGlobalSection
	GlobalSection(ExtensibilityGlobals) = postSolution
		SolutionGuid = {AE1D8872-F09E-4D77-AC8C-08B3C20A5B29}
	EndGlobalSection
EndGlobal
